
Microsoft Visual Studio Solution File, Format Version 12.00
# Visual Studio Version 17
VisualStudioVersion = 17.13.35806.99 d17.13
MinimumVisualStudioVersion = 10.0.40219.1
Project("{FAE04EC0-301F-11D3-BF4B-00C04F79EFBC}") = "WeatherService", "WeatherService\WeatherService.csproj", "{6338D3F5-2855-4B99-B435-55960E9EADE7}"
EndProject
Global
	GlobalSection(SolutionConfigurationPlatforms) = preSolution
		Debug|Any CPU = Debug|Any CPU
		Release|Any CPU = Release|Any CPU
	EndGlobalSection
	GlobalSection(ProjectConfigurationPlatforms) = postSolution
		{6338D3F5-2855-4B99-B435-55960E9EADE7}.Debug|Any CPU.ActiveCfg = Debug|Any CPU
		{6338D3F5-2855-4B99-B435-55960E9EADE7}.Debug|Any CPU.Build.0 = Debug|Any CPU
		{6338D3F5-2855-4B99-B435-55960E9EADE7}.Release|Any CPU.ActiveCfg = Release|Any CPU
		{6338D3F5-2855-4B99-B435-55960E9EADE7}.Release|Any CPU.Build.0 = Release|Any CPU
	EndGlobalSection
	GlobalSection(SolutionProperties) = preSolution
		HideSolutionNode = FALSE
	EndGlobalSection
	GlobalSection(ExtensibilityGlobals) = postSolution
		SolutionGuid = {E6D6DB42-2757-477F-8EBC-ACA8B75DFFF0}
	EndGlobalSection
EndGlobal
